// !$*UTF8*$!
{
	archiveVersion = 1;
	classes = {
	};
	objectVersion = 56;
	objects = {

/* Begin PBXBuildFile section */
		0C435801221AEF176254C218 /* Pods_yogafitTests.framework in Frameworks */ = {isa = PBXBuildFile; fileRef = F74B11B8DF857B14BF4EE28B /* Pods_yogafitTests.framework */; };
		577BE53DF09293D955BB7012 /* Pods_yogafit_yogafitUITests.framework in Frameworks */ = {isa = PBXBuildFile; fileRef = 49DD24979C9E2CE7D0E9748C /* Pods_yogafit_yogafitUITests.framework */; };
		7237D0E42C119D9F00FDCE65 /* CalendarView.swift in Sources */ = {isa = PBXBuildFile; fileRef = 7237D0E32C119D9F00FDCE65 /* CalendarView.swift */; };
		72A0B62D2C1549EC001E5DA8 /* LectureView.swift in Sources */ = {isa = PBXBuildFile; fileRef = 72A0B62C2C1549EC001E5DA8 /* LectureView.swift */; };
		72A0B62F2C154E07001E5DA8 /* Theme.swift in Sources */ = {isa = PBXBuildFile; fileRef = 72A0B62E2C154E07001E5DA8 /* Theme.swift */; };
		72A0B6312C154F9D001E5DA8 /* Lecture.swift in Sources */ = {isa = PBXBuildFile; fileRef = 72A0B6302C154F9D001E5DA8 /* Lecture.swift */; };
		72A0B6332C1571E8001E5DA8 /* LectureListView.swift in Sources */ = {isa = PBXBuildFile; fileRef = 72A0B6322C1571E8001E5DA8 /* LectureListView.swift */; };
		72E959102C0B91E100D0219D /* yogafitApp.swift in Sources */ = {isa = PBXBuildFile; fileRef = 72E9590F2C0B91E100D0219D /* yogafitApp.swift */; };
		72E959142C0B91E200D0219D /* Assets.xcassets in Resources */ = {isa = PBXBuildFile; fileRef = 72E959132C0B91E200D0219D /* Assets.xcassets */; };
		72E959172C0B91E200D0219D /* Preview Assets.xcassets in Resources */ = {isa = PBXBuildFile; fileRef = 72E959162C0B91E200D0219D /* Preview Assets.xcassets */; };
		72E959212C0B91E200D0219D /* yogafitTests.swift in Sources */ = {isa = PBXBuildFile; fileRef = 72E959202C0B91E200D0219D /* yogafitTests.swift */; };
		72E9592B2C0B91E200D0219D /* yogafitUITests.swift in Sources */ = {isa = PBXBuildFile; fileRef = 72E9592A2C0B91E200D0219D /* yogafitUITests.swift */; };
		72E9592D2C0B91E200D0219D /* yogafitUITestsLaunchTests.swift in Sources */ = {isa = PBXBuildFile; fileRef = 72E9592C2C0B91E200D0219D /* yogafitUITestsLaunchTests.swift */; };
		72E9594C2C0C83BB00D0219D /* ReservationView.swift in Sources */ = {isa = PBXBuildFile; fileRef = 72E9594B2C0C83BB00D0219D /* ReservationView.swift */; };
		953086A2EB47A608BB5A91A1 /* Pods_yogafit.framework in Frameworks */ = {isa = PBXBuildFile; fileRef = A19A2C087EAF5A775E995A73 /* Pods_yogafit.framework */; };
/* End PBXBuildFile section */

/* Begin PBXContainerItemProxy section */
		72E9591D2C0B91E200D0219D /* PBXContainerItemProxy */ = {
			isa = PBXContainerItemProxy;
			containerPortal = 72E959042C0B91E100D0219D /* Project object */;
			proxyType = 1;
			remoteGlobalIDString = 72E9590B2C0B91E100D0219D;
			remoteInfo = yogafit;
		};
		72E959272C0B91E200D0219D /* PBXContainerItemProxy */ = {
			isa = PBXContainerItemProxy;
			containerPortal = 72E959042C0B91E100D0219D /* Project object */;
			proxyType = 1;
			remoteGlobalIDString = 72E9590B2C0B91E100D0219D;
			remoteInfo = yogafit;
		};
/* End PBXContainerItemProxy section */

/* Begin PBXFileReference section */
		00CCC1CF76C67C3D3E0C5DB5 /* Pods-yogafitTests.release.xcconfig */ = {isa = PBXFileReference; includeInIndex = 1; lastKnownFileType = text.xcconfig; name = "Pods-yogafitTests.release.xcconfig"; path = "Target Support Files/Pods-yogafitTests/Pods-yogafitTests.release.xcconfig"; sourceTree = "<group>"; };
		2F684ECF29887646812BDFAF /* Pods-yogafitTests.debug.xcconfig */ = {isa = PBXFileReference; includeInIndex = 1; lastKnownFileType = text.xcconfig; name = "Pods-yogafitTests.debug.xcconfig"; path = "Target Support Files/Pods-yogafitTests/Pods-yogafitTests.debug.xcconfig"; sourceTree = "<group>"; };
		49DD24979C9E2CE7D0E9748C /* Pods_yogafit_yogafitUITests.framework */ = {isa = PBXFileReference; explicitFileType = wrapper.framework; includeInIndex = 0; path = Pods_yogafit_yogafitUITests.framework; sourceTree = BUILT_PRODUCTS_DIR; };
		4B03028EF496D0044506ACDB /* Pods-yogafit-yogafitUITests.release.xcconfig */ = {isa = PBXFileReference; includeInIndex = 1; lastKnownFileType = text.xcconfig; name = "Pods-yogafit-yogafitUITests.release.xcconfig"; path = "Target Support Files/Pods-yogafit-yogafitUITests/Pods-yogafit-yogafitUITests.release.xcconfig"; sourceTree = "<group>"; };
		4EF406DF1AD103A54B493CA1 /* Pods-yogafit-yogafitUITests.debug.xcconfig */ = {isa = PBXFileReference; includeInIndex = 1; lastKnownFileType = text.xcconfig; name = "Pods-yogafit-yogafitUITests.debug.xcconfig"; path = "Target Support Files/Pods-yogafit-yogafitUITests/Pods-yogafit-yogafitUITests.debug.xcconfig"; sourceTree = "<group>"; };
		67E8179E417A917C43653420 /* Pods-yogafit.debug.xcconfig */ = {isa = PBXFileReference; includeInIndex = 1; lastKnownFileType = text.xcconfig; name = "Pods-yogafit.debug.xcconfig"; path = "Target Support Files/Pods-yogafit/Pods-yogafit.debug.xcconfig"; sourceTree = "<group>"; };
		7237D0E32C119D9F00FDCE65 /* CalendarView.swift */ = {isa = PBXFileReference; lastKnownFileType = sourcecode.swift; path = CalendarView.swift; sourceTree = "<group>"; };
		72A0B62C2C1549EC001E5DA8 /* LectureView.swift */ = {isa = PBXFileReference; lastKnownFileType = sourcecode.swift; path = LectureView.swift; sourceTree = "<group>"; };
		72A0B62E2C154E07001E5DA8 /* Theme.swift */ = {isa = PBXFileReference; lastKnownFileType = sourcecode.swift; path = Theme.swift; sourceTree = "<group>"; };
		72A0B6302C154F9D001E5DA8 /* Lecture.swift */ = {isa = PBXFileReference; lastKnownFileType = sourcecode.swift; path = Lecture.swift; sourceTree = "<group>"; };
		72A0B6322C1571E8001E5DA8 /* LectureListView.swift */ = {isa = PBXFileReference; lastKnownFileType = sourcecode.swift; path = LectureListView.swift; sourceTree = "<group>"; };
		72E9590C2C0B91E100D0219D /* yogafit.app */ = {isa = PBXFileReference; explicitFileType = wrapper.application; includeInIndex = 0; path = yogafit.app; sourceTree = BUILT_PRODUCTS_DIR; };
		72E9590F2C0B91E100D0219D /* yogafitApp.swift */ = {isa = PBXFileReference; lastKnownFileType = sourcecode.swift; path = yogafitApp.swift; sourceTree = "<group>"; };
		72E959132C0B91E200D0219D /* Assets.xcassets */ = {isa = PBXFileReference; lastKnownFileType = folder.assetcatalog; path = Assets.xcassets; sourceTree = "<group>"; };
		72E959162C0B91E200D0219D /* Preview Assets.xcassets */ = {isa = PBXFileReference; lastKnownFileType = folder.assetcatalog; path = "Preview Assets.xcassets"; sourceTree = "<group>"; };
		72E9591C2C0B91E200D0219D /* yogafitTests.xctest */ = {isa = PBXFileReference; explicitFileType = wrapper.cfbundle; includeInIndex = 0; path = yogafitTests.xctest; sourceTree = BUILT_PRODUCTS_DIR; };
		72E959202C0B91E200D0219D /* yogafitTests.swift */ = {isa = PBXFileReference; lastKnownFileType = sourcecode.swift; path = yogafitTests.swift; sourceTree = "<group>"; };
		72E959262C0B91E200D0219D /* yogafitUITests.xctest */ = {isa = PBXFileReference; explicitFileType = wrapper.cfbundle; includeInIndex = 0; path = yogafitUITests.xctest; sourceTree = BUILT_PRODUCTS_DIR; };
		72E9592A2C0B91E200D0219D /* yogafitUITests.swift */ = {isa = PBXFileReference; lastKnownFileType = sourcecode.swift; path = yogafitUITests.swift; sourceTree = "<group>"; };
		72E9592C2C0B91E200D0219D /* yogafitUITestsLaunchTests.swift */ = {isa = PBXFileReference; lastKnownFileType = sourcecode.swift; path = yogafitUITestsLaunchTests.swift; sourceTree = "<group>"; };
		72E9594B2C0C83BB00D0219D /* ReservationView.swift */ = {isa = PBXFileReference; lastKnownFileType = sourcecode.swift; path = ReservationView.swift; sourceTree = "<group>"; };
		94CD64FEB948C2D2DC000CC7 /* Pods-yogafit.release.xcconfig */ = {isa = PBXFileReference; includeInIndex = 1; lastKnownFileType = text.xcconfig; name = "Pods-yogafit.release.xcconfig"; path = "Target Support Files/Pods-yogafit/Pods-yogafit.release.xcconfig"; sourceTree = "<group>"; };
		A19A2C087EAF5A775E995A73 /* Pods_yogafit.framework */ = {isa = PBXFileReference; explicitFileType = wrapper.framework; includeInIndex = 0; path = Pods_yogafit.framework; sourceTree = BUILT_PRODUCTS_DIR; };
		F74B11B8DF857B14BF4EE28B /* Pods_yogafitTests.framework */ = {isa = PBXFileReference; explicitFileType = wrapper.framework; includeInIndex = 0; path = Pods_yogafitTests.framework; sourceTree = BUILT_PRODUCTS_DIR; };
/* End PBXFileReference section */

/* Begin PBXFrameworksBuildPhase section */
		72E959092C0B91E100D0219D /* Frameworks */ = {
			isa = PBXFrameworksBuildPhase;
			buildActionMask = 2147483647;
			files = (
				953086A2EB47A608BB5A91A1 /* Pods_yogafit.framework in Frameworks */,
			);
			runOnlyForDeploymentPostprocessing = 0;
		};
		72E959192C0B91E200D0219D /* Frameworks */ = {
			isa = PBXFrameworksBuildPhase;
			buildActionMask = 2147483647;
			files = (
				0C435801221AEF176254C218 /* Pods_yogafitTests.framework in Frameworks */,
			);
			runOnlyForDeploymentPostprocessing = 0;
		};
		72E959232C0B91E200D0219D /* Frameworks */ = {
			isa = PBXFrameworksBuildPhase;
			buildActionMask = 2147483647;
			files = (
				577BE53DF09293D955BB7012 /* Pods_yogafit_yogafitUITests.framework in Frameworks */,
			);
			runOnlyForDeploymentPostprocessing = 0;
		};
/* End PBXFrameworksBuildPhase section */

/* Begin PBXGroup section */
		4068893D474B163E03CA4B0F /* Pods */ = {
			isa = PBXGroup;
			children = (
				67E8179E417A917C43653420 /* Pods-yogafit.debug.xcconfig */,
				94CD64FEB948C2D2DC000CC7 /* Pods-yogafit.release.xcconfig */,
				4EF406DF1AD103A54B493CA1 /* Pods-yogafit-yogafitUITests.debug.xcconfig */,
				4B03028EF496D0044506ACDB /* Pods-yogafit-yogafitUITests.release.xcconfig */,
				2F684ECF29887646812BDFAF /* Pods-yogafitTests.debug.xcconfig */,
				00CCC1CF76C67C3D3E0C5DB5 /* Pods-yogafitTests.release.xcconfig */,
			);
			path = Pods;
			sourceTree = "<group>";
		};
		72E959032C0B91E100D0219D = {
			isa = PBXGroup;
			children = (
				72E9590E2C0B91E100D0219D /* yogafit */,
				72E9591F2C0B91E200D0219D /* yogafitTests */,
				72E959292C0B91E200D0219D /* yogafitUITests */,
				72E9590D2C0B91E100D0219D /* Products */,
				4068893D474B163E03CA4B0F /* Pods */,
				B6A89261C63993735F99F293 /* Frameworks */,
			);
			sourceTree = "<group>";
		};
		72E9590D2C0B91E100D0219D /* Products */ = {
			isa = PBXGroup;
			children = (
				72E9590C2C0B91E100D0219D /* yogafit.app */,
				72E9591C2C0B91E200D0219D /* yogafitTests.xctest */,
				72E959262C0B91E200D0219D /* yogafitUITests.xctest */,
			);
			name = Products;
			sourceTree = "<group>";
		};
		72E9590E2C0B91E100D0219D /* yogafit */ = {
			isa = PBXGroup;
			children = (
				72E9594A2C0C82A800D0219D /* Resources */,
				72E959492C0C829900D0219D /* Models */,
				72E959482C0C828400D0219D /* Views */,
				72E9590F2C0B91E100D0219D /* yogafitApp.swift */,
				72E959132C0B91E200D0219D /* Assets.xcassets */,
				72E959152C0B91E200D0219D /* Preview Content */,
			);
			path = yogafit;
			sourceTree = "<group>";
		};
		72E959152C0B91E200D0219D /* Preview Content */ = {
			isa = PBXGroup;
			children = (
				72E959162C0B91E200D0219D /* Preview Assets.xcassets */,
			);
			path = "Preview Content";
			sourceTree = "<group>";
		};
		72E9591F2C0B91E200D0219D /* yogafitTests */ = {
			isa = PBXGroup;
			children = (
				72E959202C0B91E200D0219D /* yogafitTests.swift */,
			);
			path = yogafitTests;
			sourceTree = "<group>";
		};
		72E959292C0B91E200D0219D /* yogafitUITests */ = {
			isa = PBXGroup;
			children = (
				72E9592A2C0B91E200D0219D /* yogafitUITests.swift */,
				72E9592C2C0B91E200D0219D /* yogafitUITestsLaunchTests.swift */,
			);
			path = yogafitUITests;
			sourceTree = "<group>";
		};
		72E959482C0C828400D0219D /* Views */ = {
			isa = PBXGroup;
			children = (
				72E9594B2C0C83BB00D0219D /* ReservationView.swift */,
				7237D0E32C119D9F00FDCE65 /* CalendarView.swift */,
				72A0B62C2C1549EC001E5DA8 /* LectureView.swift */,
				72A0B6322C1571E8001E5DA8 /* LectureListView.swift */,
			);
			path = Views;
			sourceTree = "<group>";
		};
		72E959492C0C829900D0219D /* Models */ = {
			isa = PBXGroup;
			children = (
				72A0B62E2C154E07001E5DA8 /* Theme.swift */,
				72A0B6302C154F9D001E5DA8 /* Lecture.swift */,
			);
			path = Models;
			sourceTree = "<group>";
		};
		72E9594A2C0C82A800D0219D /* Resources */ = {
			isa = PBXGroup;
			children = (
			);
			path = Resources;
			sourceTree = "<group>";
		};
		B6A89261C63993735F99F293 /* Frameworks */ = {
			isa = PBXGroup;
			children = (
				A19A2C087EAF5A775E995A73 /* Pods_yogafit.framework */,
				49DD24979C9E2CE7D0E9748C /* Pods_yogafit_yogafitUITests.framework */,
				F74B11B8DF857B14BF4EE28B /* Pods_yogafitTests.framework */,
			);
			name = Frameworks;
			sourceTree = "<group>";
		};
/* End PBXGroup section */

/* Begin PBXNativeTarget section */
		72E9590B2C0B91E100D0219D /* yogafit */ = {
			isa = PBXNativeTarget;
			buildConfigurationList = 72E959302C0B91E200D0219D /* Build configuration list for PBXNativeTarget "yogafit" */;
			buildPhases = (
				0E39BE4282E3F331EB424BEA /* [CP] Check Pods Manifest.lock */,
				72E959082C0B91E100D0219D /* Sources */,
				72E959092C0B91E100D0219D /* Frameworks */,
				72E9590A2C0B91E100D0219D /* Resources */,
				E7E3C48F110FEE3CEFD669DB /* [CP] Embed Pods Frameworks */,
			);
			buildRules = (
			);
			dependencies = (
			);
			name = yogafit;
			productName = yogafit;
			productReference = 72E9590C2C0B91E100D0219D /* yogafit.app */;
			productType = "com.apple.product-type.application";
		};
		72E9591B2C0B91E200D0219D /* yogafitTests */ = {
			isa = PBXNativeTarget;
			buildConfigurationList = 72E959332C0B91E200D0219D /* Build configuration list for PBXNativeTarget "yogafitTests" */;
			buildPhases = (
				47BA923131166A7E6CF0E6AB /* [CP] Check Pods Manifest.lock */,
				72E959182C0B91E200D0219D /* Sources */,
				72E959192C0B91E200D0219D /* Frameworks */,
				72E9591A2C0B91E200D0219D /* Resources */,
			);
			buildRules = (
			);
			dependencies = (
				72E9591E2C0B91E200D0219D /* PBXTargetDependency */,
			);
			name = yogafitTests;
			productName = yogafitTests;
			productReference = 72E9591C2C0B91E200D0219D /* yogafitTests.xctest */;
			productType = "com.apple.product-type.bundle.unit-test";
		};
		72E959252C0B91E200D0219D /* yogafitUITests */ = {
			isa = PBXNativeTarget;
			buildConfigurationList = 72E959362C0B91E200D0219D /* Build configuration list for PBXNativeTarget "yogafitUITests" */;
			buildPhases = (
				656A44841AC65E57CC33CB4A /* [CP] Check Pods Manifest.lock */,
				72E959222C0B91E200D0219D /* Sources */,
				72E959232C0B91E200D0219D /* Frameworks */,
				72E959242C0B91E200D0219D /* Resources */,
				4A553CB919693409E7365BDF /* [CP] Embed Pods Frameworks */,
			);
			buildRules = (
			);
			dependencies = (
				72E959282C0B91E200D0219D /* PBXTargetDependency */,
			);
			name = yogafitUITests;
			productName = yogafitUITests;
			productReference = 72E959262C0B91E200D0219D /* yogafitUITests.xctest */;
			productType = "com.apple.product-type.bundle.ui-testing";
		};
/* End PBXNativeTarget section */

/* Begin PBXProject section */
		72E959042C0B91E100D0219D /* Project object */ = {
			isa = PBXProject;
			attributes = {
				BuildIndependentTargetsInParallel = 1;
				LastSwiftUpdateCheck = 1540;
				LastUpgradeCheck = 1540;
				TargetAttributes = {
					72E9590B2C0B91E100D0219D = {
						CreatedOnToolsVersion = 15.4;
					};
					72E9591B2C0B91E200D0219D = {
						CreatedOnToolsVersion = 15.4;
						TestTargetID = 72E9590B2C0B91E100D0219D;
					};
					72E959252C0B91E200D0219D = {
						CreatedOnToolsVersion = 15.4;
						TestTargetID = 72E9590B2C0B91E100D0219D;
					};
				};
			};
			buildConfigurationList = 72E959072C0B91E100D0219D /* Build configuration list for PBXProject "yogafit" */;
			compatibilityVersion = "Xcode 14.0";
			developmentRegion = en;
			hasScannedForEncodings = 0;
			knownRegions = (
				en,
				Base,
			);
			mainGroup = 72E959032C0B91E100D0219D;
			productRefGroup = 72E9590D2C0B91E100D0219D /* Products */;
			projectDirPath = "";
			projectRoot = "";
			targets = (
				72E9590B2C0B91E100D0219D /* yogafit */,
				72E9591B2C0B91E200D0219D /* yogafitTests */,
				72E959252C0B91E200D0219D /* yogafitUITests */,
			);
		};
/* End PBXProject section */

/* Begin PBXResourcesBuildPhase section */
		72E9590A2C0B91E100D0219D /* Resources */ = {
			isa = PBXResourcesBuildPhase;
			buildActionMask = 2147483647;
			files = (
				72E959172C0B91E200D0219D /* Preview Assets.xcassets in Resources */,
				72E959142C0B91E200D0219D /* Assets.xcassets in Resources */,
			);
			runOnlyForDeploymentPostprocessing = 0;
		};
		72E9591A2C0B91E200D0219D /* Resources */ = {
			isa = PBXResourcesBuildPhase;
			buildActionMask = 2147483647;
			files = (
			);
			runOnlyForDeploymentPostprocessing = 0;
		};
		72E959242C0B91E200D0219D /* Resources */ = {
			isa = PBXResourcesBuildPhase;
			buildActionMask = 2147483647;
			files = (
			);
			runOnlyForDeploymentPostprocessing = 0;
		};
/* End PBXResourcesBuildPhase section */

/* Begin PBXShellScriptBuildPhase section */
		0E39BE4282E3F331EB424BEA /* [CP] Check Pods Manifest.lock */ = {
			isa = PBXShellScriptBuildPhase;
			buildActionMask = 2147483647;
			files = (
			);
			inputFileListPaths = (
			);
			inputPaths = (
				"${PODS_PODFILE_DIR_PATH}/Podfile.lock",
				"${PODS_ROOT}/Manifest.lock",
			);
			name = "[CP] Check Pods Manifest.lock";
			outputFileListPaths = (
			);
			outputPaths = (
				"$(DERIVED_FILE_DIR)/Pods-yogafit-checkManifestLockResult.txt",
			);
			runOnlyForDeploymentPostprocessing = 0;
			shellPath = /bin/sh;
			shellScript = "diff \"${PODS_PODFILE_DIR_PATH}/Podfile.lock\" \"${PODS_ROOT}/Manifest.lock\" > /dev/null\nif [ $? != 0 ] ; then\n    # print error to STDERR\n    echo \"error: The sandbox is not in sync with the Podfile.lock. Run 'pod install' or update your CocoaPods installation.\" >&2\n    exit 1\nfi\n# This output is used by Xcode 'outputs' to avoid re-running this script phase.\necho \"SUCCESS\" > \"${SCRIPT_OUTPUT_FILE_0}\"\n";
			showEnvVarsInLog = 0;
		};
		47BA923131166A7E6CF0E6AB /* [CP] Check Pods Manifest.lock */ = {
			isa = PBXShellScriptBuildPhase;
			buildActionMask = 2147483647;
			files = (
			);
			inputFileListPaths = (
			);
			inputPaths = (
				"${PODS_PODFILE_DIR_PATH}/Podfile.lock",
				"${PODS_ROOT}/Manifest.lock",
			);
			name = "[CP] Check Pods Manifest.lock";
			outputFileListPaths = (
			);
			outputPaths = (
				"$(DERIVED_FILE_DIR)/Pods-yogafitTests-checkManifestLockResult.txt",
			);
			runOnlyForDeploymentPostprocessing = 0;
			shellPath = /bin/sh;
			shellScript = "diff \"${PODS_PODFILE_DIR_PATH}/Podfile.lock\" \"${PODS_ROOT}/Manifest.lock\" > /dev/null\nif [ $? != 0 ] ; then\n    # print error to STDERR\n    echo \"error: The sandbox is not in sync with the Podfile.lock. Run 'pod install' or update your CocoaPods installation.\" >&2\n    exit 1\nfi\n# This output is used by Xcode 'outputs' to avoid re-running this script phase.\necho \"SUCCESS\" > \"${SCRIPT_OUTPUT_FILE_0}\"\n";
			showEnvVarsInLog = 0;
		};
		4A553CB919693409E7365BDF /* [CP] Embed Pods Frameworks */ = {
			isa = PBXShellScriptBuildPhase;
			buildActionMask = 2147483647;
			files = (
			);
			inputFileListPaths = (
				"${PODS_ROOT}/Target Support Files/Pods-yogafit-yogafitUITests/Pods-yogafit-yogafitUITests-frameworks-${CONFIGURATION}-input-files.xcfilelist",
			);
			name = "[CP] Embed Pods Frameworks";
			outputFileListPaths = (
				"${PODS_ROOT}/Target Support Files/Pods-yogafit-yogafitUITests/Pods-yogafit-yogafitUITests-frameworks-${CONFIGURATION}-output-files.xcfilelist",
			);
			runOnlyForDeploymentPostprocessing = 0;
			shellPath = /bin/sh;
			shellScript = "\"${PODS_ROOT}/Target Support Files/Pods-yogafit-yogafitUITests/Pods-yogafit-yogafitUITests-frameworks.sh\"\n";
			showEnvVarsInLog = 0;
		};
		656A44841AC65E57CC33CB4A /* [CP] Check Pods Manifest.lock */ = {
			isa = PBXShellScriptBuildPhase;
			buildActionMask = 2147483647;
			files = (
			);
			inputFileListPaths = (
			);
			inputPaths = (
				"${PODS_PODFILE_DIR_PATH}/Podfile.lock",
				"${PODS_ROOT}/Manifest.lock",
			);
			name = "[CP] Check Pods Manifest.lock";
			outputFileListPaths = (
			);
			outputPaths = (
				"$(DERIVED_FILE_DIR)/Pods-yogafit-yogafitUITests-checkManifestLockResult.txt",
			);
			runOnlyForDeploymentPostprocessing = 0;
			shellPath = /bin/sh;
			shellScript = "diff \"${PODS_PODFILE_DIR_PATH}/Podfile.lock\" \"${PODS_ROOT}/Manifest.lock\" > /dev/null\nif [ $? != 0 ] ; then\n    # print error to STDERR\n    echo \"error: The sandbox is not in sync with the Podfile.lock. Run 'pod install' or update your CocoaPods installation.\" >&2\n    exit 1\nfi\n# This output is used by Xcode 'outputs' to avoid re-running this script phase.\necho \"SUCCESS\" > \"${SCRIPT_OUTPUT_FILE_0}\"\n";
			showEnvVarsInLog = 0;
		};
		E7E3C48F110FEE3CEFD669DB /* [CP] Embed Pods Frameworks */ = {
			isa = PBXShellScriptBuildPhase;
			buildActionMask = 2147483647;
			files = (
			);
			inputFileListPaths = (
				"${PODS_ROOT}/Target Support Files/Pods-yogafit/Pods-yogafit-frameworks-${CONFIGURATION}-input-files.xcfilelist",
			);
			name = "[CP] Embed Pods Frameworks";
			outputFileListPaths = (
				"${PODS_ROOT}/Target Support Files/Pods-yogafit/Pods-yogafit-frameworks-${CONFIGURATION}-output-files.xcfilelist",
			);
			runOnlyForDeploymentPostprocessing = 0;
			shellPath = /bin/sh;
			shellScript = "\"${PODS_ROOT}/Target Support Files/Pods-yogafit/Pods-yogafit-frameworks.sh\"\n";
			showEnvVarsInLog = 0;
		};
/* End PBXShellScriptBuildPhase section */

/* Begin PBXSourcesBuildPhase section */
		72E959082C0B91E100D0219D /* Sources */ = {
			isa = PBXSourcesBuildPhase;
			buildActionMask = 2147483647;
			files = (
				72A0B6312C154F9D001E5DA8 /* Lecture.swift in Sources */,
				72A0B6332C1571E8001E5DA8 /* LectureListView.swift in Sources */,
				7237D0E42C119D9F00FDCE65 /* CalendarView.swift in Sources */,
				72E959102C0B91E100D0219D /* yogafitApp.swift in Sources */,
				72A0B62F2C154E07001E5DA8 /* Theme.swift in Sources */,
				72E9594C2C0C83BB00D0219D /* ReservationView.swift in Sources */,
				72A0B62D2C1549EC001E5DA8 /* LectureView.swift in Sources */,
			);
			runOnlyForDeploymentPostprocessing = 0;
		};
		72E959182C0B91E200D0219D /* Sources */ = {
			isa = PBXSourcesBuildPhase;
			buildActionMask = 2147483647;
			files = (
				72E959212C0B91E200D0219D /* yogafitTests.swift in Sources */,
			);
			runOnlyForDeploymentPostprocessing = 0;
		};
		72E959222C0B91E200D0219D /* Sources */ = {
			isa = PBXSourcesBuildPhase;
			buildActionMask = 2147483647;
			files = (
				72E9592D2C0B91E200D0219D /* yogafitUITestsLaunchTests.swift in Sources */,
				72E9592B2C0B91E200D0219D /* yogafitUITests.swift in Sources */,
			);
			runOnlyForDeploymentPostprocessing = 0;
		};
/* End PBXSourcesBuildPhase section */

/* Begin PBXTargetDependency section */
		72E9591E2C0B91E200D0219D /* PBXTargetDependency */ = {
			isa = PBXTargetDependency;
			target = 72E9590B2C0B91E100D0219D /* yogafit */;
			targetProxy = 72E9591D2C0B91E200D0219D /* PBXContainerItemProxy */;
		};
		72E959282C0B91E200D0219D /* PBXTargetDependency */ = {
			isa = PBXTargetDependency;
			target = 72E9590B2C0B91E100D0219D /* yogafit */;
			targetProxy = 72E959272C0B91E200D0219D /* PBXContainerItemProxy */;
		};
/* End PBXTargetDependency section */

/* Begin XCBuildConfiguration section */
		72E9592E2C0B91E200D0219D /* Debug */ = {
			isa = XCBuildConfiguration;
			buildSettings = {
				ALWAYS_SEARCH_USER_PATHS = NO;
				ASSETCATALOG_COMPILER_GENERATE_SWIFT_ASSET_SYMBOL_EXTENSIONS = YES;
				CLANG_ANALYZER_NONNULL = YES;
				CLANG_ANALYZER_NUMBER_OBJECT_CONVERSION = YES_AGGRESSIVE;
				CLANG_CXX_LANGUAGE_STANDARD = "gnu++20";
				CLANG_ENABLE_MODULES = YES;
				CLANG_ENABLE_OBJC_ARC = YES;
				CLANG_ENABLE_OBJC_WEAK = YES;
				CLANG_WARN_BLOCK_CAPTURE_AUTORELEASING = YES;
				CLANG_WARN_BOOL_CONVERSION = YES;
				CLANG_WARN_COMMA = YES;
				CLANG_WARN_CONSTANT_CONVERSION = YES;
				CLANG_WARN_DEPRECATED_OBJC_IMPLEMENTATIONS = YES;
				CLANG_WARN_DIRECT_OBJC_ISA_USAGE = YES_ERROR;
				CLANG_WARN_DOCUMENTATION_COMMENTS = YES;
				CLANG_WARN_EMPTY_BODY = YES;
				CLANG_WARN_ENUM_CONVERSION = YES;
				CLANG_WARN_INFINITE_RECURSION = YES;
				CLANG_WARN_INT_CONVERSION = YES;
				CLANG_WARN_NON_LITERAL_NULL_CONVERSION = YES;
				CLANG_WARN_OBJC_IMPLICIT_RETAIN_SELF = YES;
				CLANG_WARN_OBJC_LITERAL_CONVERSION = YES;
				CLANG_WARN_OBJC_ROOT_CLASS = YES_ERROR;
				CLANG_WARN_QUOTED_INCLUDE_IN_FRAMEWORK_HEADER = YES;
				CLANG_WARN_RANGE_LOOP_ANALYSIS = YES;
				CLANG_WARN_STRICT_PROTOTYPES = YES;
				CLANG_WARN_SUSPICIOUS_MOVE = YES;
				CLANG_WARN_UNGUARDED_AVAILABILITY = YES_AGGRESSIVE;
				CLANG_WARN_UNREACHABLE_CODE = YES;
				CLANG_WARN__DUPLICATE_METHOD_MATCH = YES;
				COPY_PHASE_STRIP = NO;
				DEBUG_INFORMATION_FORMAT = dwarf;
				ENABLE_STRICT_OBJC_MSGSEND = YES;
				ENABLE_TESTABILITY = YES;
				ENABLE_USER_SCRIPT_SANDBOXING = NO;
				GCC_C_LANGUAGE_STANDARD = gnu17;
				GCC_DYNAMIC_NO_PIC = NO;
				GCC_NO_COMMON_BLOCKS = YES;
				GCC_OPTIMIZATION_LEVEL = 0;
				GCC_PREPROCESSOR_DEFINITIONS = (
					"DEBUG=1",
					"$(inherited)",
				);
				GCC_WARN_64_TO_32_BIT_CONVERSION = YES;
				GCC_WARN_ABOUT_RETURN_TYPE = YES_ERROR;
				GCC_WARN_UNDECLARED_SELECTOR = YES;
				GCC_WARN_UNINITIALIZED_AUTOS = YES_AGGRESSIVE;
				GCC_WARN_UNUSED_FUNCTION = YES;
				GCC_WARN_UNUSED_VARIABLE = YES;
				IPHONEOS_DEPLOYMENT_TARGET = 17.5;
				LOCALIZATION_PREFERS_STRING_CATALOGS = YES;
				MTL_ENABLE_DEBUG_INFO = INCLUDE_SOURCE;
				MTL_FAST_MATH = YES;
				ONLY_ACTIVE_ARCH = YES;
				SDKROOT = iphoneos;
				SWIFT_ACTIVE_COMPILATION_CONDITIONS = "DEBUG $(inherited)";
				SWIFT_OPTIMIZATION_LEVEL = "-Onone";
			};
			name = Debug;
		};
		72E9592F2C0B91E200D0219D /* Release */ = {
			isa = XCBuildConfiguration;
			buildSettings = {
				ALWAYS_SEARCH_USER_PATHS = NO;
				ASSETCATALOG_COMPILER_GENERATE_SWIFT_ASSET_SYMBOL_EXTENSIONS = YES;
				CLANG_ANALYZER_NONNULL = YES;
				CLANG_ANALYZER_NUMBER_OBJECT_CONVERSION = YES_AGGRESSIVE;
				CLANG_CXX_LANGUAGE_STANDARD = "gnu++20";
				CLANG_ENABLE_MODULES = YES;
				CLANG_ENABLE_OBJC_ARC = YES;
				CLANG_ENABLE_OBJC_WEAK = YES;
				CLANG_WARN_BLOCK_CAPTURE_AUTORELEASING = YES;
				CLANG_WARN_BOOL_CONVERSION = YES;
				CLANG_WARN_COMMA = YES;
				CLANG_WARN_CONSTANT_CONVERSION = YES;
				CLANG_WARN_DEPRECATED_OBJC_IMPLEMENTATIONS = YES;
				CLANG_WARN_DIRECT_OBJC_ISA_USAGE = YES_ERROR;
				CLANG_WARN_DOCUMENTATION_COMMENTS = YES;
				CLANG_WARN_EMPTY_BODY = YES;
				CLANG_WARN_ENUM_CONVERSION = YES;
				CLANG_WARN_INFINITE_RECURSION = YES;
				CLANG_WARN_INT_CONVERSION = YES;
				CLANG_WARN_NON_LITERAL_NULL_CONVERSION = YES;
				CLANG_WARN_OBJC_IMPLICIT_RETAIN_SELF = YES;
				CLANG_WARN_OBJC_LITERAL_CONVERSION = YES;
				CLANG_WARN_OBJC_ROOT_CLASS = YES_ERROR;
				CLANG_WARN_QUOTED_INCLUDE_IN_FRAMEWORK_HEADER = YES;
				CLANG_WARN_RANGE_LOOP_ANALYSIS = YES;
				CLANG_WARN_STRICT_PROTOTYPES = YES;
				CLANG_WARN_SUSPICIOUS_MOVE = YES;
				CLANG_WARN_UNGUARDED_AVAILABILITY = YES_AGGRESSIVE;
				CLANG_WARN_UNREACHABLE_CODE = YES;
				CLANG_WARN__DUPLICATE_METHOD_MATCH = YES;
				COPY_PHASE_STRIP = NO;
				DEBUG_INFORMATION_FORMAT = "dwarf-with-dsym";
				ENABLE_NS_ASSERTIONS = NO;
				ENABLE_STRICT_OBJC_MSGSEND = YES;
				ENABLE_USER_SCRIPT_SANDBOXING = NO;
				GCC_C_LANGUAGE_STANDARD = gnu17;
				GCC_NO_COMMON_BLOCKS = YES;
				GCC_WARN_64_TO_32_BIT_CONVERSION = YES;
				GCC_WARN_ABOUT_RETURN_TYPE = YES_ERROR;
				GCC_WARN_UNDECLARED_SELECTOR = YES;
				GCC_WARN_UNINITIALIZED_AUTOS = YES_AGGRESSIVE;
				GCC_WARN_UNUSED_FUNCTION = YES;
				GCC_WARN_UNUSED_VARIABLE = YES;
				IPHONEOS_DEPLOYMENT_TARGET = 17.5;
				LOCALIZATION_PREFERS_STRING_CATALOGS = YES;
				MTL_ENABLE_DEBUG_INFO = NO;
				MTL_FAST_MATH = YES;
				SDKROOT = iphoneos;
				SWIFT_COMPILATION_MODE = wholemodule;
				VALIDATE_PRODUCT = YES;
			};
			name = Release;
		};
		72E959312C0B91E200D0219D /* Debug */ = {
			isa = XCBuildConfiguration;
			baseConfigurationReference = 67E8179E417A917C43653420 /* Pods-yogafit.debug.xcconfig */;
			buildSettings = {
				ASSETCATALOG_COMPILER_APPICON_NAME = AppIcon;
				ASSETCATALOG_COMPILER_GLOBAL_ACCENT_COLOR_NAME = AccentColor;
				CODE_SIGN_STYLE = Automatic;
				CURRENT_PROJECT_VERSION = 1;
				DEVELOPMENT_ASSET_PATHS = "\"yogafit/Preview Content\"";
				DEVELOPMENT_TEAM = V343T3JQF8;
				ENABLE_PREVIEWS = YES;
				GENERATE_INFOPLIST_FILE = YES;
				INFOPLIST_KEY_UIApplicationSceneManifest_Generation = YES;
				INFOPLIST_KEY_UIApplicationSupportsIndirectInputEvents = YES;
				INFOPLIST_KEY_UILaunchScreen_Generation = YES;
				INFOPLIST_KEY_UISupportedInterfaceOrientations_iPad = "UIInterfaceOrientationPortrait UIInterfaceOrientationPortraitUpsideDown UIInterfaceOrientationLandscapeLeft UIInterfaceOrientationLandscapeRight";
				INFOPLIST_KEY_UISupportedInterfaceOrientations_iPhone = "UIInterfaceOrientationPortrait UIInterfaceOrientationLandscapeLeft UIInterfaceOrientationLandscapeRight";
				LD_RUNPATH_SEARCH_PATHS = (
					"$(inherited)",
					"@executable_path/Frameworks",
				);
				MARKETING_VERSION = 1.0;
				PRODUCT_BUNDLE_IDENTIFIER = yogafit.yogafit;
				PRODUCT_NAME = "$(TARGET_NAME)";
				SWIFT_EMIT_LOC_STRINGS = YES;
				SWIFT_VERSION = 5.0;
				TARGETED_DEVICE_FAMILY = "1,2";
			};
			name = Debug;
		};
		72E959322C0B91E200D0219D /* Release */ = {
			isa = XCBuildConfiguration;
			baseConfigurationReference = 94CD64FEB948C2D2DC000CC7 /* Pods-yogafit.release.xcconfig */;
			buildSettings = {
				ASSETCATALOG_COMPILER_APPICON_NAME = AppIcon;
				ASSETCATALOG_COMPILER_GLOBAL_ACCENT_COLOR_NAME = AccentColor;
				CODE_SIGN_STYLE = Automatic;
				CURRENT_PROJECT_VERSION = 1;
				DEVELOPMENT_ASSET_PATHS = "\"yogafit/Preview Content\"";
				DEVELOPMENT_TEAM = V343T3JQF8;
				ENABLE_PREVIEWS = YES;
				GENERATE_INFOPLIST_FILE = YES;
				INFOPLIST_KEY_UIApplicationSceneManifest_Generation = YES;
				INFOPLIST_KEY_UIApplicationSupportsIndirectInputEvents = YES;
				INFOPLIST_KEY_UILaunchScreen_Generation = YES;
				INFOPLIST_KEY_UISupportedInterfaceOrientations_iPad = "UIInterfaceOrientationPortrait UIInterfaceOrientationPortraitUpsideDown UIInterfaceOrientationLandscapeLeft UIInterfaceOrientationLandscapeRight";
				INFOPLIST_KEY_UISupportedInterfaceOrientations_iPhone = "UIInterfaceOrientationPortrait UIInterfaceOrientationLandscapeLeft UIInterfaceOrientationLandscapeRight";
				LD_RUNPATH_SEARCH_PATHS = (
					"$(inherited)",
					"@executable_path/Frameworks",
				);
				MARKETING_VERSION = 1.0;
				PRODUCT_BUNDLE_IDENTIFIER = yogafit.yogafit;
				PRODUCT_NAME = "$(TARGET_NAME)";
				SWIFT_EMIT_LOC_STRINGS = YES;
				SWIFT_VERSION = 5.0;
				TARGETED_DEVICE_FAMILY = "1,2";
			};
			name = Release;
		};
		72E959342C0B91E200D0219D /* Debug */ = {
			isa = XCBuildConfiguration;
			baseConfigurationReference = 2F684ECF29887646812BDFAF /* Pods-yogafitTests.debug.xcconfig */;
			buildSettings = {
				ALWAYS_EMBED_SWIFT_STANDARD_LIBRARIES = YES;
				BUNDLE_LOADER = "$(TEST_HOST)";
				CODE_SIGN_STYLE = Automatic;
				CURRENT_PROJECT_VERSION = 1;
				DEVELOPMENT_TEAM = V343T3JQF8;
				GENERATE_INFOPLIST_FILE = YES;
				IPHONEOS_DEPLOYMENT_TARGET = 17.5;
				MARKETING_VERSION = 1.0;
				PRODUCT_BUNDLE_IDENTIFIER = yogafit.yogafitTests;
				PRODUCT_NAME = "$(TARGET_NAME)";
				SWIFT_EMIT_LOC_STRINGS = NO;
				SWIFT_VERSION = 5.0;
				TARGETED_DEVICE_FAMILY = "1,2";
				TEST_HOST = "$(BUILT_PRODUCTS_DIR)/yogafit.app/$(BUNDLE_EXECUTABLE_FOLDER_PATH)/yogafit";
			};
			name = Debug;
		};
		72E959352C0B91E200D0219D /* Release */ = {
			isa = XCBuildConfiguration;
			baseConfigurationReference = 00CCC1CF76C67C3D3E0C5DB5 /* Pods-yogafitTests.release.xcconfig */;
			buildSettings = {
				ALWAYS_EMBED_SWIFT_STANDARD_LIBRARIES = YES;
				BUNDLE_LOADER = "$(TEST_HOST)";
				CODE_SIGN_STYLE = Automatic;
				CURRENT_PROJECT_VERSION = 1;
				DEVELOPMENT_TEAM = V343T3JQF8;
				GENERATE_INFOPLIST_FILE = YES;
				IPHONEOS_DEPLOYMENT_TARGET = 17.5;
				MARKETING_VERSION = 1.0;
				PRODUCT_BUNDLE_IDENTIFIER = yogafit.yogafitTests;
				PRODUCT_NAME = "$(TARGET_NAME)";
				SWIFT_EMIT_LOC_STRINGS = NO;
				SWIFT_VERSION = 5.0;
				TARGETED_DEVICE_FAMILY = "1,2";
				TEST_HOST = "$(BUILT_PRODUCTS_DIR)/yogafit.app/$(BUNDLE_EXECUTABLE_FOLDER_PATH)/yogafit";
			};
			name = Release;
		};
		72E959372C0B91E200D0219D /* Debug */ = {
			isa = XCBuildConfiguration;
			baseConfigurationReference = 4EF406DF1AD103A54B493CA1 /* Pods-yogafit-yogafitUITests.debug.xcconfig */;
			buildSettings = {
				ALWAYS_EMBED_SWIFT_STANDARD_LIBRARIES = YES;
				CODE_SIGN_STYLE = Automatic;
				CURRENT_PROJECT_VERSION = 1;
				DEVELOPMENT_TEAM = V343T3JQF8;
				GENERATE_INFOPLIST_FILE = YES;
				MARKETING_VERSION = 1.0;
				PRODUCT_BUNDLE_IDENTIFIER = yogafit.yogafitUITests;
				PRODUCT_NAME = "$(TARGET_NAME)";
				SWIFT_EMIT_LOC_STRINGS = NO;
				SWIFT_VERSION = 5.0;
				TARGETED_DEVICE_FAMILY = "1,2";
				TEST_TARGET_NAME = yogafit;
			};
			name = Debug;
		};
		72E959382C0B91E200D0219D /* Release */ = {
			isa = XCBuildConfiguration;
			baseConfigurationReference = 4B03028EF496D0044506ACDB /* Pods-yogafit-yogafitUITests.release.xcconfig */;
			buildSettings = {
				ALWAYS_EMBED_SWIFT_STANDARD_LIBRARIES = YES;
				CODE_SIGN_STYLE = Automatic;
				CURRENT_PROJECT_VERSION = 1;
				DEVELOPMENT_TEAM = V343T3JQF8;
				GENERATE_INFOPLIST_FILE = YES;
				MARKETING_VERSION = 1.0;
				PRODUCT_BUNDLE_IDENTIFIER = yogafit.yogafitUITests;
				PRODUCT_NAME = "$(TARGET_NAME)";
				SWIFT_EMIT_LOC_STRINGS = NO;
				SWIFT_VERSION = 5.0;
				TARGETED_DEVICE_FAMILY = "1,2";
				TEST_TARGET_NAME = yogafit;
			};
			name = Release;
		};
/* End XCBuildConfiguration section */

/* Begin XCConfigurationList section */
		72E959072C0B91E100D0219D /* Build configuration list for PBXProject "yogafit" */ = {
			isa = XCConfigurationList;
			buildConfigurations = (
				72E9592E2C0B91E200D0219D /* Debug */,
				72E9592F2C0B91E200D0219D /* Release */,
			);
			defaultConfigurationIsVisible = 0;
			defaultConfigurationName = Release;
		};
		72E959302C0B91E200D0219D /* Build configuration list for PBXNativeTarget "yogafit" */ = {
			isa = XCConfigurationList;
			buildConfigurations = (
				72E959312C0B91E200D0219D /* Debug */,
				72E959322C0B91E200D0219D /* Release */,
			);
			defaultConfigurationIsVisible = 0;
			defaultConfigurationName = Release;
		};
		72E959332C0B91E200D0219D /* Build configuration list for PBXNativeTarget "yogafitTests" */ = {
			isa = XCConfigurationList;
			buildConfigurations = (
				72E959342C0B91E200D0219D /* Debug */,
				72E959352C0B91E200D0219D /* Release */,
			);
			defaultConfigurationIsVisible = 0;
			defaultConfigurationName = Release;
		};
		72E959362C0B91E200D0219D /* Build configuration list for PBXNativeTarget "yogafitUITests" */ = {
			isa = XCConfigurationList;
			buildConfigurations = (
				72E959372C0B91E200D0219D /* Debug */,
				72E959382C0B91E200D0219D /* Release */,
			);
			defaultConfigurationIsVisible = 0;
			defaultConfigurationName = Release;
		};
/* End XCConfigurationList section */
	};
	rootObject = 72E959042C0B91E100D0219D /* Project object */;
}
